{
  "name": "test-dependabot-npm-lockfile-v3",
  "version": "1.0.0",
  "lockfileVersion": 3,
  "requires": true,
  "packages": {
    "": {
      "name": "test-dependabot-npm-lockfile-v3",
      "version": "1.0.0",
      "license": "ISC",
      "dependencies": {
        "lodash": "^3.10.1",
        "luxon": "^3.1.1"
      }
    },
    "node_modules/lodash": {
      "version": "3.10.1",
      "resolved": "https://registry.npmjs.org/lodash/-/lodash-3.10.1.tgz",
      "integrity": "sha512-9mDDwqVIma6OZX79ZlDACZl8sBm0TEnkf99zV3iMA4GzkIT/9hiqP5mY0HoT1iNLCrKc/R1HByV+yJfRWVJryQ=="
    },
    "node_modules/luxon": {
      "version": "3.1.1",
      "resolved": "https://registry.npmjs.org/luxon/-/luxon-3.1.1.tgz",
      "integrity": "sha512-Ah6DloGmvseB/pX1cAmjbFvyU/pKuwQMQqz7d0yvuDlVYLTs2WeDHQMpC8tGjm1da+BriHROW/OEIT/KfYg6xw==",
      "engines": {
        "node": ">=12"
      }
    }
  }
}
